# This file was autogenerated by Stack.
# You should not edit this file by hand.
# For more information, please see the documentation at:
#   https://docs.haskellstack.org/en/stable/lock_files

packages:
- completed:
    hackage: massiv-0.4.5.0@sha256:a0e16ef4503c642cff1bbf686f1c89e87ac3bb6755f4d975ff8b5b8fc27b61db,4611
    pantry-tree:
      size: 3783
      sha256: cbbdda422f623b55b4633ead26aa65c820f8f8446ef4e96884f940ef94051053
  original:
    hackage: massiv-0.4.5.0
- completed:
    hackage: scheduler-1.4.2.1@sha256:26fb16ccf5f41ee9144f8c77a5228163968543ae5cc8242c761e69ff8f579e07,2863
    pantry-tree:
      size: 838
      sha256: 42fcb8caa4bb53898438209ebf003a1b3b8781c37b0ae16846e00e1c61ab7510
  original:
    hackage: scheduler-1.4.2.1
- completed:
    hackage: streamly-0.6.1@sha256:5c8501ffc49cb55563fbdb3e971d66a75b628ee4a9db2d93f108ec1ea961347a,25103
    pantry-tree:
      size: 4217
      sha256: ebaea57d8709839ec468d0a9affe5beada0e3014f2ac76a5a3776b53af314a1d
  original:
    hackage: streamly-0.6.1
snapshots:
- completed:
    size: 458669
    url: https://raw.githubusercontent.com/commercialhaskell/stackage-snapshots/master/nightly/2020/1/21.yaml
    sha256: 3162cd7b6d9a0f8f033a1a2eebb5e5c7f353514a790938cb71690cf8c0a87a28
  original: nightly-2020-01-21
