# This file was autogenerated by Stack.
# You should not edit this file by hand.
# For more information, please see the documentation at:
#   https://docs.haskellstack.org/en/stable/lock_files

packages:
- completed:
    hackage: massiv-0.4.5.0@sha256:a0e16ef4503c642cff1bbf686f1c89e87ac3bb6755f4d975ff8b5b8fc27b61db,4611
    pantry-tree:
      size: 3783
      sha256: cbbdda422f623b55b4633ead26aa65c820f8f8446ef4e96884f940ef94051053
  original:
    hackage: massiv-0.4.5.0
- completed:
    hackage: scheduler-1.4.2.1@sha256:bd93bd5ab3361826eef3c87353ef5eade8a9a27f12146b25eb4b480bdaace73f,2957
    pantry-tree:
      size: 838
      sha256: a37df0a113d31b6d76c8f2db263c034a9bdea8964356087e1eb8888bee9a15b0
  original:
    hackage: scheduler-1.4.2.1
- completed:
    hackage: streamly-0.6.1@sha256:5c8501ffc49cb55563fbdb3e971d66a75b628ee4a9db2d93f108ec1ea961347a,25103
    pantry-tree:
      size: 4217
      sha256: ebaea57d8709839ec468d0a9affe5beada0e3014f2ac76a5a3776b53af314a1d
  original:
    hackage: streamly-0.6.1
snapshots:
- completed:
    size: 527836
    url: https://raw.githubusercontent.com/commercialhaskell/stackage-snapshots/master/lts/11/22.yaml
    sha256: 341870ac98d8a9f8f77c4adf2e9e0b22063e264a7fbeb4c85b7af5f380dac60e
  original: lts-11.22
