# This file was autogenerated by Stack.
# You should not edit this file by hand.
# For more information, please see the documentation at:
#   https://docs.haskellstack.org/en/stable/lock_files

packages:
- completed:
    hackage: streamly-0.6.1@sha256:5c8501ffc49cb55563fbdb3e971d66a75b628ee4a9db2d93f108ec1ea961347a,25103
    pantry-tree:
      size: 4217
      sha256: ebaea57d8709839ec468d0a9affe5beada0e3014f2ac76a5a3776b53af314a1d
  original:
    hackage: streamly-0.6.1
- completed:
    hackage: massiv-0.4.5.0@sha256:4187f5ea4a75516573eb5a303bdaa34ac0648b0b56cb6a6afa88c8e02f2a56ce,4767
    pantry-tree:
      size: 3783
      sha256: 4a13cb372ea4652b4465db4564768c81975cd979d69718b3ffa7ccedb7840483
  original:
    hackage: massiv-0.4.5.0
snapshots:
- completed:
    size: 524154
    url: https://raw.githubusercontent.com/commercialhaskell/stackage-snapshots/master/lts/14/20.yaml
    sha256: 2f5099f69ddb6abfe64400fe1e6a604e8e628f55e6837211cd70a81eb0a8fa4d
  original: lts-14.20
